
Microsoft Visual Studio Solution File, Format Version 12.00
# Visual Studio Version 17
VisualStudioVersion = 17.2.32630.192
MinimumVisualStudioVersion = 10.0.40219.1
Project("{FAE04EC0-301F-11D3-BF4B-00C04F79EFBC}") = "BooksRecommender", "BooksRecommender\BooksRecommender.csproj", "{E685D67E-32E5-4357-8E7C-625742AFC7A4}"
EndProject
Global
	GlobalSection(SolutionConfigurationPlatforms) = preSolution
		Debug|Any CPU = Debug|Any CPU
		Release|Any CPU = Release|Any CPU
	EndGlobalSection
	GlobalSection(ProjectConfigurationPlatforms) = postSolution
		{E685D67E-32E5-4357-8E7C-625742AFC7A4}.Debug|Any CPU.ActiveCfg = Debug|Any CPU
		{E685D67E-32E5-4357-8E7C-625742AFC7A4}.Debug|Any CPU.Build.0 = Debug|Any CPU
		{E685D67E-32E5-4357-8E7C-625742AFC7A4}.Release|Any CPU.ActiveCfg = Release|Any CPU
		{E685D67E-32E5-4357-8E7C-625742AFC7A4}.Release|Any CPU.Build.0 = Release|Any CPU
	EndGlobalSection
	GlobalSection(SolutionProperties) = preSolution
		HideSolutionNode = FALSE
	EndGlobalSection
	GlobalSection(ExtensibilityGlobals) = postSolution
		SolutionGuid = {019B09F8-C965-41A0-9272-F5A0C50E6525}
	EndGlobalSection
EndGlobal
